// !$*UTF8*$!
{
	archiveVersion = 1;
	classes = {
	};
	objectVersion = 77;
	objects = {

/* Begin PBXContainerItemProxy section */
		47B5160C2D09E3300001E3DE /* PBXContainerItemProxy */ = {
			isa = PBXContainerItemProxy;
			containerPortal = 47B515ED2D09E32E0001E3DE /* Project object */;
			proxyType = 1;
			remoteGlobalIDString = 47B515F42D09E32E0001E3DE;
			remoteInfo = 3APIs_TabBar;
		};
		47B516162D09E3300001E3DE /* PBXContainerItemProxy */ = {
			isa = PBXContainerItemProxy;
			containerPortal = 47B515ED2D09E32E0001E3DE /* Project object */;
			proxyType = 1;
			remoteGlobalIDString = 47B515F42D09E32E0001E3DE;
			remoteInfo = 3APIs_TabBar;
		};
/* End PBXContainerItemProxy section */

/* Begin PBXFileReference section */
		47B515F52D09E32E0001E3DE /* 3APIs_TabBar.app */ = {isa = PBXFileReference; explicitFileType = wrapper.application; includeInIndex = 0; path = 3APIs_TabBar.app; sourceTree = BUILT_PRODUCTS_DIR; };
		47B5160B2D09E3300001E3DE /* 3APIs_TabBarTests.xctest */ = {isa = PBXFileReference; explicitFileType = wrapper.cfbundle; includeInIndex = 0; path = 3APIs_TabBarTests.xctest; sourceTree = BUILT_PRODUCTS_DIR; };
		47B516152D09E3300001E3DE /* 3APIs_TabBarUITests.xctest */ = {isa = PBXFileReference; explicitFileType = wrapper.cfbundle; includeInIndex = 0; path = 3APIs_TabBarUITests.xctest; sourceTree = BUILT_PRODUCTS_DIR; };
/* End PBXFileReference section */

/* Begin PBXFileSystemSynchronizedBuildFileExceptionSet section */
		47B5161D2D09E3300001E3DE /* Exceptions for "3APIs_TabBar" folder in "3APIs_TabBar" target */ = {
			isa = PBXFileSystemSynchronizedBuildFileExceptionSet;
			membershipExceptions = (
				Info.plist,
			);
			target = 47B515F42D09E32E0001E3DE /* 3APIs_TabBar */;
		};
/* End PBXFileSystemSynchronizedBuildFileExceptionSet section */

/* Begin PBXFileSystemSynchronizedRootGroup section */
		47B515F72D09E32E0001E3DE /* 3APIs_TabBar */ = {
			isa = PBXFileSystemSynchronizedRootGroup;
			exceptions = (
				47B5161D2D09E3300001E3DE /* Exceptions for "3APIs_TabBar" folder in "3APIs_TabBar" target */,
			);
			path = 3APIs_TabBar;
			sourceTree = "<group>";
		};
		47B5160E2D09E3300001E3DE /* 3APIs_TabBarTests */ = {
			isa = PBXFileSystemSynchronizedRootGroup;
			path = 3APIs_TabBarTests;
			sourceTree = "<group>";
		};
		47B516182D09E3300001E3DE /* 3APIs_TabBarUITests */ = {
			isa = PBXFileSystemSynchronizedRootGroup;
			path = 3APIs_TabBarUITests;
			sourceTree = "<group>";
		};
/* End PBXFileSystemSynchronizedRootGroup section */

/* Begin PBXFrameworksBuildPhase section */
		47B515F22D09E32E0001E3DE /* Frameworks */ = {
			isa = PBXFrameworksBuildPhase;
			buildActionMask = 2147483647;
			files = (
			);
			runOnlyForDeploymentPostprocessing = 0;
		};
		47B516082D09E3300001E3DE /* Frameworks */ = {
			isa = PBXFrameworksBuildPhase;
			buildActionMask = 2147483647;
			files = (
			);
			runOnlyForDeploymentPostprocessing = 0;
		};
		47B516122D09E3300001E3DE /* Frameworks */ = {
			isa = PBXFrameworksBuildPhase;
			buildActionMask = 2147483647;
			files = (
			);
			runOnlyForDeploymentPostprocessing = 0;
		};
/* End PBXFrameworksBuildPhase section */

/* Begin PBXGroup section */
		47B515EC2D09E32E0001E3DE = {
			isa = PBXGroup;
			children = (
				47B515F72D09E32E0001E3DE /* 3APIs_TabBar */,
				47B5160E2D09E3300001E3DE /* 3APIs_TabBarTests */,
				47B516182D09E3300001E3DE /* 3APIs_TabBarUITests */,
				47B515F62D09E32E0001E3DE /* Products */,
			);
			sourceTree = "<group>";
		};
		47B515F62D09E32E0001E3DE /* Products */ = {
			isa = PBXGroup;
			children = (
				47B515F52D09E32E0001E3DE /* 3APIs_TabBar.app */,
				47B5160B2D09E3300001E3DE /* 3APIs_TabBarTests.xctest */,
				47B516152D09E3300001E3DE /* 3APIs_TabBarUITests.xctest */,
			);
			name = Products;
			sourceTree = "<group>";
		};
/* End PBXGroup section */

/* Begin PBXNativeTarget section */
		47B515F42D09E32E0001E3DE /* 3APIs_TabBar */ = {
			isa = PBXNativeTarget;
			buildConfigurationList = 47B5161E2D09E3300001E3DE /* Build configuration list for PBXNativeTarget "3APIs_TabBar" */;
			buildPhases = (
				47B515F12D09E32E0001E3DE /* Sources */,
				47B515F22D09E32E0001E3DE /* Frameworks */,
				47B515F32D09E32E0001E3DE /* Resources */,
			);
			buildRules = (
			);
			dependencies = (
			);
			fileSystemSynchronizedGroups = (
				47B515F72D09E32E0001E3DE /* 3APIs_TabBar */,
			);
			name = 3APIs_TabBar;
			packageProductDependencies = (
			);
			productName = 3APIs_TabBar;
			productReference = 47B515F52D09E32E0001E3DE /* 3APIs_TabBar.app */;
			productType = "com.apple.product-type.application";
		};
		47B5160A2D09E3300001E3DE /* 3APIs_TabBarTests */ = {
			isa = PBXNativeTarget;
			buildConfigurationList = 47B516232D09E3300001E3DE /* Build configuration list for PBXNativeTarget "3APIs_TabBarTests" */;
			buildPhases = (
				47B516072D09E3300001E3DE /* Sources */,
				47B516082D09E3300001E3DE /* Frameworks */,
				47B516092D09E3300001E3DE /* Resources */,
			);
			buildRules = (
			);
			dependencies = (
				47B5160D2D09E3300001E3DE /* PBXTargetDependency */,
			);
			fileSystemSynchronizedGroups = (
				47B5160E2D09E3300001E3DE /* 3APIs_TabBarTests */,
			);
			name = 3APIs_TabBarTests;
			packageProductDependencies = (
			);
			productName = 3APIs_TabBarTests;
			productReference = 47B5160B2D09E3300001E3DE /* 3APIs_TabBarTests.xctest */;
			productType = "com.apple.product-type.bundle.unit-test";
		};
		47B516142D09E3300001E3DE /* 3APIs_TabBarUITests */ = {
			isa = PBXNativeTarget;
			buildConfigurationList = 47B516262D09E3300001E3DE /* Build configuration list for PBXNativeTarget "3APIs_TabBarUITests" */;
			buildPhases = (
				47B516112D09E3300001E3DE /* Sources */,
				47B516122D09E3300001E3DE /* Frameworks */,
				47B516132D09E3300001E3DE /* Resources */,
			);
			buildRules = (
			);
			dependencies = (
				47B516172D09E3300001E3DE /* PBXTargetDependency */,
			);
			fileSystemSynchronizedGroups = (
				47B516182D09E3300001E3DE /* 3APIs_TabBarUITests */,
			);
			name = 3APIs_TabBarUITests;
			packageProductDependencies = (
			);
			productName = 3APIs_TabBarUITests;
			productReference = 47B516152D09E3300001E3DE /* 3APIs_TabBarUITests.xctest */;
			productType = "com.apple.product-type.bundle.ui-testing";
		};
/* End PBXNativeTarget section */

/* Begin PBXProject section */
		47B515ED2D09E32E0001E3DE /* Project object */ = {
			isa = PBXProject;
			attributes = {
				BuildIndependentTargetsInParallel = 1;
				LastSwiftUpdateCheck = 1610;
				LastUpgradeCheck = 1610;
				TargetAttributes = {
					47B515F42D09E32E0001E3DE = {
						CreatedOnToolsVersion = 16.1;
					};
					47B5160A2D09E3300001E3DE = {
						CreatedOnToolsVersion = 16.1;
						TestTargetID = 47B515F42D09E32E0001E3DE;
					};
					47B516142D09E3300001E3DE = {
						CreatedOnToolsVersion = 16.1;
						TestTargetID = 47B515F42D09E32E0001E3DE;
					};
				};
			};
			buildConfigurationList = 47B515F02D09E32E0001E3DE /* Build configuration list for PBXProject "3APIs_TabBar" */;
			developmentRegion = en;
			hasScannedForEncodings = 0;
			knownRegions = (
				en,
				Base,
			);
			mainGroup = 47B515EC2D09E32E0001E3DE;
			minimizedProjectReferenceProxies = 1;
			preferredProjectObjectVersion = 77;
			productRefGroup = 47B515F62D09E32E0001E3DE /* Products */;
			projectDirPath = "";
			projectRoot = "";
			targets = (
				47B515F42D09E32E0001E3DE /* 3APIs_TabBar */,
				47B5160A2D09E3300001E3DE /* 3APIs_TabBarTests */,
				47B516142D09E3300001E3DE /* 3APIs_TabBarUITests */,
			);
		};
/* End PBXProject section */

/* Begin PBXResourcesBuildPhase section */
		47B515F32D09E32E0001E3DE /* Resources */ = {
			isa = PBXResourcesBuildPhase;
			buildActionMask = 2147483647;
			files = (
			);
			runOnlyForDeploymentPostprocessing = 0;
		};
		47B516092D09E3300001E3DE /* Resources */ = {
			isa = PBXResourcesBuildPhase;
			buildActionMask = 2147483647;
			files = (
			);
			runOnlyForDeploymentPostprocessing = 0;
		};
		47B516132D09E3300001E3DE /* Resources */ = {
			isa = PBXResourcesBuildPhase;
			buildActionMask = 2147483647;
			files = (
			);
			runOnlyForDeploymentPostprocessing = 0;
		};
/* End PBXResourcesBuildPhase section */

/* Begin PBXSourcesBuildPhase section */
		47B515F12D09E32E0001E3DE /* Sources */ = {
			isa = PBXSourcesBuildPhase;
			buildActionMask = 2147483647;
			files = (
			);
			runOnlyForDeploymentPostprocessing = 0;
		};
		47B516072D09E3300001E3DE /* Sources */ = {
			isa = PBXSourcesBuildPhase;
			buildActionMask = 2147483647;
			files = (
			);
			runOnlyForDeploymentPostprocessing = 0;
		};
		47B516112D09E3300001E3DE /* Sources */ = {
			isa = PBXSourcesBuildPhase;
			buildActionMask = 2147483647;
			files = (
			);
			runOnlyForDeploymentPostprocessing = 0;
		};
/* End PBXSourcesBuildPhase section */

/* Begin PBXTargetDependency section */
		47B5160D2D09E3300001E3DE /* PBXTargetDependency */ = {
			isa = PBXTargetDependency;
			target = 47B515F42D09E32E0001E3DE /* 3APIs_TabBar */;
			targetProxy = 47B5160C2D09E3300001E3DE /* PBXContainerItemProxy */;
		};
		47B516172D09E3300001E3DE /* PBXTargetDependency */ = {
			isa = PBXTargetDependency;
			target = 47B515F42D09E32E0001E3DE /* 3APIs_TabBar */;
			targetProxy = 47B516162D09E3300001E3DE /* PBXContainerItemProxy */;
		};
/* End PBXTargetDependency section */

/* Begin XCBuildConfiguration section */
		47B5161F2D09E3300001E3DE /* Debug */ = {
			isa = XCBuildConfiguration;
			buildSettings = {
				ASSETCATALOG_COMPILER_APPICON_NAME = AppIcon;
				ASSETCATALOG_COMPILER_GLOBAL_ACCENT_COLOR_NAME = AccentColor;
				CODE_SIGN_STYLE = Automatic;
				CURRENT_PROJECT_VERSION = 1;
				GENERATE_INFOPLIST_FILE = YES;
				INFOPLIST_FILE = 3APIs_TabBar/Info.plist;
				INFOPLIST_KEY_UIApplicationSupportsIndirectInputEvents = YES;
				INFOPLIST_KEY_UILaunchStoryboardName = LaunchScreen;
				INFOPLIST_KEY_UIMainStoryboardFile = Main;
				INFOPLIST_KEY_UISupportedInterfaceOrientations_iPad = "UIInterfaceOrientationPortrait UIInterfaceOrientationPortraitUpsideDown UIInterfaceOrientationLandscapeLeft UIInterfaceOrientationLandscapeRight";
				INFOPLIST_KEY_UISupportedInterfaceOrientations_iPhone = "UIInterfaceOrientationPortrait UIInterfaceOrientationLandscapeLeft UIInterfaceOrientationLandscapeRight";
				LD_RUNPATH_SEARCH_PATHS = (
					"$(inherited)",
					"@executable_path/Frameworks",
				);
				MARKETING_VERSION = 1.0;
				PRODUCT_BUNDLE_IDENTIFIER = "com.anusha.us.develop.-APIs-TabBar";
				PRODUCT_NAME = "$(TARGET_NAME)";
				SWIFT_EMIT_LOC_STRINGS = YES;
				SWIFT_VERSION = 5.0;
				TARGETED_DEVICE_FAMILY = "1,2";
			};
			name = Debug;
		};
		47B516202D09E3300001E3DE /* Release */ = {
			isa = XCBuildConfiguration;
			buildSettings = {
				ASSETCATALOG_COMPILER_APPICON_NAME = AppIcon;
				ASSETCATALOG_COMPILER_GLOBAL_ACCENT_COLOR_NAME = AccentColor;
				CODE_SIGN_STYLE = Automatic;
				CURRENT_PROJECT_VERSION = 1;
				GENERATE_INFOPLIST_FILE = YES;
				INFOPLIST_FILE = 3APIs_TabBar/Info.plist;
				INFOPLIST_KEY_UIApplicationSupportsIndirectInputEvents = YES;
				INFOPLIST_KEY_UILaunchStoryboardName = LaunchScreen;
				INFOPLIST_KEY_UIMainStoryboardFile = Main;
				INFOPLIST_KEY_UISupportedInterfaceOrientations_iPad = "UIInterfaceOrientationPortrait UIInterfaceOrientationPortraitUpsideDown UIInterfaceOrientationLandscapeLeft UIInterfaceOrientationLandscapeRight";
				INFOPLIST_KEY_UISupportedInterfaceOrientations_iPhone = "UIInterfaceOrientationPortrait UIInterfaceOrientationLandscapeLeft UIInterfaceOrientationLandscapeRight";
				LD_RUNPATH_SEARCH_PATHS = (
					"$(inherited)",
					"@executable_path/Frameworks",
				);
				MARKETING_VERSION = 1.0;
				PRODUCT_BUNDLE_IDENTIFIER = "com.anusha.us.develop.-APIs-TabBar";
				PRODUCT_NAME = "$(TARGET_NAME)";
				SWIFT_EMIT_LOC_STRINGS = YES;
				SWIFT_VERSION = 5.0;
				TARGETED_DEVICE_FAMILY = "1,2";
			};
			name = Release;
		};
		47B516212D09E3300001E3DE /* Debug */ = {
			isa = XCBuildConfiguration;
			buildSettings = {
				ALWAYS_SEARCH_USER_PATHS = NO;
				ASSETCATALOG_COMPILER_GENERATE_SWIFT_ASSET_SYMBOL_EXTENSIONS = YES;
				CLANG_ANALYZER_NONNULL = YES;
				CLANG_ANALYZER_NUMBER_OBJECT_CONVERSION = YES_AGGRESSIVE;
				CLANG_CXX_LANGUAGE_STANDARD = "gnu++20";
				CLANG_ENABLE_MODULES = YES;
				CLANG_ENABLE_OBJC_ARC = YES;
				CLANG_ENABLE_OBJC_WEAK = YES;
				CLANG_WARN_BLOCK_CAPTURE_AUTORELEASING = YES;
				CLANG_WARN_BOOL_CONVERSION = YES;
				CLANG_WARN_COMMA = YES;
				CLANG_WARN_CONSTANT_CONVERSION = YES;
				CLANG_WARN_DEPRECATED_OBJC_IMPLEMENTATIONS = YES;
				CLANG_WARN_DIRECT_OBJC_ISA_USAGE = YES_ERROR;
				CLANG_WARN_DOCUMENTATION_COMMENTS = YES;
				CLANG_WARN_EMPTY_BODY = YES;
				CLANG_WARN_ENUM_CONVERSION = YES;
				CLANG_WARN_INFINITE_RECURSION = YES;
				CLANG_WARN_INT_CONVERSION = YES;
				CLANG_WARN_NON_LITERAL_NULL_CONVERSION = YES;
				CLANG_WARN_OBJC_IMPLICIT_RETAIN_SELF = YES;
				CLANG_WARN_OBJC_LITERAL_CONVERSION = YES;
				CLANG_WARN_OBJC_ROOT_CLASS = YES_ERROR;
				CLANG_WARN_QUOTED_INCLUDE_IN_FRAMEWORK_HEADER = YES;
				CLANG_WARN_RANGE_LOOP_ANALYSIS = YES;
				CLANG_WARN_STRICT_PROTOTYPES = YES;
				CLANG_WARN_SUSPICIOUS_MOVE = YES;
				CLANG_WARN_UNGUARDED_AVAILABILITY = YES_AGGRESSIVE;
				CLANG_WARN_UNREACHABLE_CODE = YES;
				CLANG_WARN__DUPLICATE_METHOD_MATCH = YES;
				COPY_PHASE_STRIP = NO;
				DEBUG_INFORMATION_FORMAT = dwarf;
				ENABLE_STRICT_OBJC_MSGSEND = YES;
				ENABLE_TESTABILITY = YES;
				ENABLE_USER_SCRIPT_SANDBOXING = YES;
				GCC_C_LANGUAGE_STANDARD = gnu17;
				GCC_DYNAMIC_NO_PIC = NO;
				GCC_NO_COMMON_BLOCKS = YES;
				GCC_OPTIMIZATION_LEVEL = 0;
				GCC_PREPROCESSOR_DEFINITIONS = (
					"DEBUG=1",
					"$(inherited)",
				);
				GCC_WARN_64_TO_32_BIT_CONVERSION = YES;
				GCC_WARN_ABOUT_RETURN_TYPE = YES_ERROR;
				GCC_WARN_UNDECLARED_SELECTOR = YES;
				GCC_WARN_UNINITIALIZED_AUTOS = YES_AGGRESSIVE;
				GCC_WARN_UNUSED_FUNCTION = YES;
				GCC_WARN_UNUSED_VARIABLE = YES;
				IPHONEOS_DEPLOYMENT_TARGET = 18.1;
				LOCALIZATION_PREFERS_STRING_CATALOGS = YES;
				MTL_ENABLE_DEBUG_INFO = INCLUDE_SOURCE;
				MTL_FAST_MATH = YES;
				ONLY_ACTIVE_ARCH = YES;
				SDKROOT = iphoneos;
				SWIFT_ACTIVE_COMPILATION_CONDITIONS = "DEBUG $(inherited)";
				SWIFT_OPTIMIZATION_LEVEL = "-Onone";
			};
			name = Debug;
		};
		47B516222D09E3300001E3DE /* Release */ = {
			isa = XCBuildConfiguration;
			buildSettings = {
				ALWAYS_SEARCH_USER_PATHS = NO;
				ASSETCATALOG_COMPILER_GENERATE_SWIFT_ASSET_SYMBOL_EXTENSIONS = YES;
				CLANG_ANALYZER_NONNULL = YES;
				CLANG_ANALYZER_NUMBER_OBJECT_CONVERSION = YES_AGGRESSIVE;
				CLANG_CXX_LANGUAGE_STANDARD = "gnu++20";
				CLANG_ENABLE_MODULES = YES;
				CLANG_ENABLE_OBJC_ARC = YES;
				CLANG_ENABLE_OBJC_WEAK = YES;
				CLANG_WARN_BLOCK_CAPTURE_AUTORELEASING = YES;
				CLANG_WARN_BOOL_CONVERSION = YES;
				CLANG_WARN_COMMA = YES;
				CLANG_WARN_CONSTANT_CONVERSION = YES;
				CLANG_WARN_DEPRECATED_OBJC_IMPLEMENTATIONS = YES;
				CLANG_WARN_DIRECT_OBJC_ISA_USAGE = YES_ERROR;
				CLANG_WARN_DOCUMENTATION_COMMENTS = YES;
				CLANG_WARN_EMPTY_BODY = YES;
				CLANG_WARN_ENUM_CONVERSION = YES;
				CLANG_WARN_INFINITE_RECURSION = YES;
				CLANG_WARN_INT_CONVERSION = YES;
				CLANG_WARN_NON_LITERAL_NULL_CONVERSION = YES;
				CLANG_WARN_OBJC_IMPLICIT_RETAIN_SELF = YES;
				CLANG_WARN_OBJC_LITERAL_CONVERSION = YES;
				CLANG_WARN_OBJC_ROOT_CLASS = YES_ERROR;
				CLANG_WARN_QUOTED_INCLUDE_IN_FRAMEWORK_HEADER = YES;
				CLANG_WARN_RANGE_LOOP_ANALYSIS = YES;
				CLANG_WARN_STRICT_PROTOTYPES = YES;
				CLANG_WARN_SUSPICIOUS_MOVE = YES;
				CLANG_WARN_UNGUARDED_AVAILABILITY = YES_AGGRESSIVE;
				CLANG_WARN_UNREACHABLE_CODE = YES;
				CLANG_WARN__DUPLICATE_METHOD_MATCH = YES;
				COPY_PHASE_STRIP = NO;
				DEBUG_INFORMATION_FORMAT = "dwarf-with-dsym";
				ENABLE_NS_ASSERTIONS = NO;
				ENABLE_STRICT_OBJC_MSGSEND = YES;
				ENABLE_USER_SCRIPT_SANDBOXING = YES;
				GCC_C_LANGUAGE_STANDARD = gnu17;
				GCC_NO_COMMON_BLOCKS = YES;
				GCC_WARN_64_TO_32_BIT_CONVERSION = YES;
				GCC_WARN_ABOUT_RETURN_TYPE = YES_ERROR;
				GCC_WARN_UNDECLARED_SELECTOR = YES;
				GCC_WARN_UNINITIALIZED_AUTOS = YES_AGGRESSIVE;
				GCC_WARN_UNUSED_FUNCTION = YES;
				GCC_WARN_UNUSED_VARIABLE = YES;
				IPHONEOS_DEPLOYMENT_TARGET = 18.1;
				LOCALIZATION_PREFERS_STRING_CATALOGS = YES;
				MTL_ENABLE_DEBUG_INFO = NO;
				MTL_FAST_MATH = YES;
				SDKROOT = iphoneos;
				SWIFT_COMPILATION_MODE = wholemodule;
				VALIDATE_PRODUCT = YES;
			};
			name = Release;
		};
		47B516242D09E3300001E3DE /* Debug */ = {
			isa = XCBuildConfiguration;
			buildSettings = {
				BUNDLE_LOADER = "$(TEST_HOST)";
				CODE_SIGN_STYLE = Automatic;
				CURRENT_PROJECT_VERSION = 1;
				GENERATE_INFOPLIST_FILE = YES;
				IPHONEOS_DEPLOYMENT_TARGET = 18.1;
				MARKETING_VERSION = 1.0;
				PRODUCT_BUNDLE_IDENTIFIER = "com.anusha.us.develop.-APIs-TabBarTests";
				PRODUCT_NAME = "$(TARGET_NAME)";
				SWIFT_EMIT_LOC_STRINGS = NO;
				SWIFT_VERSION = 5.0;
				TARGETED_DEVICE_FAMILY = "1,2";
				TEST_HOST = "$(BUILT_PRODUCTS_DIR)/3APIs_TabBar.app/$(BUNDLE_EXECUTABLE_FOLDER_PATH)/3APIs_TabBar";
			};
			name = Debug;
		};
		47B516252D09E3300001E3DE /* Release */ = {
			isa = XCBuildConfiguration;
			buildSettings = {
				BUNDLE_LOADER = "$(TEST_HOST)";
				CODE_SIGN_STYLE = Automatic;
				CURRENT_PROJECT_VERSION = 1;
				GENERATE_INFOPLIST_FILE = YES;
				IPHONEOS_DEPLOYMENT_TARGET = 18.1;
				MARKETING_VERSION = 1.0;
				PRODUCT_BUNDLE_IDENTIFIER = "com.anusha.us.develop.-APIs-TabBarTests";
				PRODUCT_NAME = "$(TARGET_NAME)";
				SWIFT_EMIT_LOC_STRINGS = NO;
				SWIFT_VERSION = 5.0;
				TARGETED_DEVICE_FAMILY = "1,2";
				TEST_HOST = "$(BUILT_PRODUCTS_DIR)/3APIs_TabBar.app/$(BUNDLE_EXECUTABLE_FOLDER_PATH)/3APIs_TabBar";
			};
			name = Release;
		};
		47B516272D09E3300001E3DE /* Debug */ = {
			isa = XCBuildConfiguration;
			buildSettings = {
				CODE_SIGN_STYLE = Automatic;
				CURRENT_PROJECT_VERSION = 1;
				GENERATE_INFOPLIST_FILE = YES;
				MARKETING_VERSION = 1.0;
				PRODUCT_BUNDLE_IDENTIFIER = "com.anusha.us.develop.-APIs-TabBarUITests";
				PRODUCT_NAME = "$(TARGET_NAME)";
				SWIFT_EMIT_LOC_STRINGS = NO;
				SWIFT_VERSION = 5.0;
				TARGETED_DEVICE_FAMILY = "1,2";
				TEST_TARGET_NAME = 3APIs_TabBar;
			};
			name = Debug;
		};
		47B516282D09E3300001E3DE /* Release */ = {
			isa = XCBuildConfiguration;
			buildSettings = {
				CODE_SIGN_STYLE = Automatic;
				CURRENT_PROJECT_VERSION = 1;
				GENERATE_INFOPLIST_FILE = YES;
				MARKETING_VERSION = 1.0;
				PRODUCT_BUNDLE_IDENTIFIER = "com.anusha.us.develop.-APIs-TabBarUITests";
				PRODUCT_NAME = "$(TARGET_NAME)";
				SWIFT_EMIT_LOC_STRINGS = NO;
				SWIFT_VERSION = 5.0;
				TARGETED_DEVICE_FAMILY = "1,2";
				TEST_TARGET_NAME = 3APIs_TabBar;
			};
			name = Release;
		};
/* End XCBuildConfiguration section */

/* Begin XCConfigurationList section */
		47B515F02D09E32E0001E3DE /* Build configuration list for PBXProject "3APIs_TabBar" */ = {
			isa = XCConfigurationList;
			buildConfigurations = (
				47B516212D09E3300001E3DE /* Debug */,
				47B516222D09E3300001E3DE /* Release */,
			);
			defaultConfigurationIsVisible = 0;
			defaultConfigurationName = Release;
		};
		47B5161E2D09E3300001E3DE /* Build configuration list for PBXNativeTarget "3APIs_TabBar" */ = {
			isa = XCConfigurationList;
			buildConfigurations = (
				47B5161F2D09E3300001E3DE /* Debug */,
				47B516202D09E3300001E3DE /* Release */,
			);
			defaultConfigurationIsVisible = 0;
			defaultConfigurationName = Release;
		};
		47B516232D09E3300001E3DE /* Build configuration list for PBXNativeTarget "3APIs_TabBarTests" */ = {
			isa = XCConfigurationList;
			buildConfigurations = (
				47B516242D09E3300001E3DE /* Debug */,
				47B516252D09E3300001E3DE /* Release */,
			);
			defaultConfigurationIsVisible = 0;
			defaultConfigurationName = Release;
		};
		47B516262D09E3300001E3DE /* Build configuration list for PBXNativeTarget "3APIs_TabBarUITests" */ = {
			isa = XCConfigurationList;
			buildConfigurations = (
				47B516272D09E3300001E3DE /* Debug */,
				47B516282D09E3300001E3DE /* Release */,
			);
			defaultConfigurationIsVisible = 0;
			defaultConfigurationName = Release;
		};
/* End XCConfigurationList section */
	};
	rootObject = 47B515ED2D09E32E0001E3DE /* Project object */;
}
